
Microsoft Visual Studio Solution File, Format Version 12.00
# Visual Studio Version 17
VisualStudioVersion = 17.7.34009.444
MinimumVisualStudioVersion = 10.0.40219.1
Project("{FAE04EC0-301F-11D3-BF4B-00C04F79EFBC}") = "ExampleVersioningApp", "ExampleVersioningApp\ExampleVersioningApp.csproj", "{DCD3619A-3C1B-4C88-93E8-F6D819735A58}"
EndProject
Global
	GlobalSection(SolutionConfigurationPlatforms) = preSolution
		Debug|Any CPU = Debug|Any CPU
		Release|Any CPU = Release|Any CPU
	EndGlobalSection
	GlobalSection(ProjectConfigurationPlatforms) = postSolution
		{DCD3619A-3C1B-4C88-93E8-F6D819735A58}.Debug|Any CPU.ActiveCfg = Debug|Any CPU
		{DCD3619A-3C1B-4C88-93E8-F6D819735A58}.Debug|Any CPU.Build.0 = Debug|Any CPU
		{DCD3619A-3C1B-4C88-93E8-F6D819735A58}.Release|Any CPU.ActiveCfg = Release|Any CPU
		{DCD3619A-3C1B-4C88-93E8-F6D819735A58}.Release|Any CPU.Build.0 = Release|Any CPU
	EndGlobalSection
	GlobalSection(SolutionProperties) = preSolution
		HideSolutionNode = FALSE
	EndGlobalSection
	GlobalSection(ExtensibilityGlobals) = postSolution
		SolutionGuid = {63E9E240-0589-46F1-AA75-72937DA57323}
	EndGlobalSection
EndGlobal
